<?xml version="1.0" encoding="utf-8"?>
<Project ToolsVersion="4.0" xmlns="http://schemas.microsoft.com/developer/msbuild/2003">
  <ItemGroup>
    <Filter Include="Source Files">
      <UniqueIdentifier>{4FC737F1-C7A5-4376-A066-2A32D752A2FF}</UniqueIdentifier>
      <Extensions>cpp;c;cc;cxx;def;odl;idl;hpj;bat;asm;asmx</Extensions>
    </Filter>
    <Filter Include="Header Files">
      <UniqueIdentifier>{93995380-89BD-4b04-88EB-625FBE52EBFB}</UniqueIdentifier>
      <Extensions>h;hpp;hxx;hm;inl;inc;xsd</Extensions>
    </Filter>
    <Filter Include="Resource Files">
      <UniqueIdentifier>{67DA6AB6-F800-4c08-8B7A-83BB121AAD01}</UniqueIdentifier>
      <Extensions>rc;ico;cur;bmp;dlg;rc2;rct;bin;rgs;gif;jpg;jpeg;jpe;resx;tiff;tif;png;wav</Extensions>
    </Filter>
    <Filter Include="MyLib">
      <UniqueIdentifier>{49be4b68-13de-4550-8a8b-4d24fdd4d7f8}</UniqueIdentifier>
    </Filter>
    <Filter Include="Scene">
      <UniqueIdentifier>{4482c317-a9d7-4c72-97d5-72c5f8838e44}</UniqueIdentifier>
    </Filter>
    <Filter Include="System">
      <UniqueIdentifier>{b55333de-a37c-412e-9528-29d1e8ec815f}</UniqueIdentifier>
    </Filter>
    <Filter Include="Scene\Title">
      <UniqueIdentifier>{c368c898-8dbb-4a7e-8351-50a806e03fe2}</UniqueIdentifier>
    </Filter>
    <Filter Include="Scene\Game">
      <UniqueIdentifier>{d09896af-d3af-4b7e-98c7-523144b493e4}</UniqueIdentifier>
    </Filter>
    <Filter Include="Object">
      <UniqueIdentifier>{df291773-614a-4efc-9dc1-11e9ffc23811}</UniqueIdentifier>
    </Filter>
    <Filter Include="Object\Player">
      <UniqueIdentifier>{b7e99544-cf3d-42cd-a770-5d2512644331}</UniqueIdentifier>
    </Filter>
  </ItemGroup>
  <ItemGroup>
    <ClCompile Include="..\src\CinderFrameWorkApp.cpp">
      <Filter>Source Files</Filter>
    </ClCompile>
    <ClCompile Include="..\src\CinderFrameWorkApp.cpp">
      <Filter>Source Files</Filter>
    </ClCompile>
    <ClInclude Include="..\include\Resources.h">
      <Filter>Header Files</Filter>
    </ClInclude>
    <ClCompile Include="..\src\MyLib\graph.cpp">
      <Filter>MyLib</Filter>
    </ClCompile>
    <ClCompile Include="..\src\MyLib\key.cpp">
      <Filter>MyLib</Filter>
    </ClCompile>
    <ClCompile Include="..\src\MyLib\mouse.cpp">
      <Filter>MyLib</Filter>
    </ClCompile>
    <ClCompile Include="..\src\Scene\scene.cpp">
      <Filter>Scene</Filter>
    </ClCompile>
    <ClCompile Include="..\src\System\scene_mgr.cpp">
      <Filter>System</Filter>
    </ClCompile>
    <ClCompile Include="..\src\Scene\Title\title.cpp">
      <Filter>Scene\Title</Filter>
    </ClCompile>
    <ClCompile Include="..\src\Scene\Game\game_main.cpp">
      <Filter>Scene\Game</Filter>
    </ClCompile>
    <ClCompile Include="..\src\Object\object.cpp">
      <Filter>Object</Filter>
    </ClCompile>
    <ClCompile Include="..\src\Object\task.cpp">
      <Filter>Object</Filter>
    </ClCompile>
    <ClCompile Include="..\src\Object\Player\player.cpp">
      <Filter>Object\Player</Filter>
    </ClCompile>
  </ItemGroup>
  <ItemGroup>
    <ClInclude Include="..\include\Resources.h">
      <Filter>Header Files</Filter>
    </ClInclude>
    <ClInclude Include="..\src\MyLib\graph.h">
      <Filter>MyLib</Filter>
    </ClInclude>
    <ClInclude Include="..\src\MyLib\key.h">
      <Filter>MyLib</Filter>
    </ClInclude>
    <ClInclude Include="..\src\MyLib\mouse.h">
      <Filter>MyLib</Filter>
    </ClInclude>
    <ClInclude Include="..\src\MyLib\window_size.h">
      <Filter>MyLib</Filter>
    </ClInclude>
    <ClInclude Include="..\src\MyLib\ci_app.h">
      <Filter>MyLib</Filter>
    </ClInclude>
    <ClInclude Include="..\src\MyLib\noncopyable.h">
      <Filter>MyLib</Filter>
    </ClInclude>
    <ClInclude Include="..\src\Scene\scene.h">
      <Filter>Scene</Filter>
    </ClInclude>
    <ClInclude Include="..\src\System\scene_mgr.h">
      <Filter>System</Filter>
    </ClInclude>
    <ClInclude Include="..\src\Scene\Title\title.h">
      <Filter>Scene\Title</Filter>
    </ClInclude>
    <ClInclude Include="..\src\Scene\Game\game_main.h">
      <Filter>Scene\Game</Filter>
    </ClInclude>
    <ClInclude Include="..\src\Object\object.h">
      <Filter>Object</Filter>
    </ClInclude>
    <ClInclude Include="..\src\Object\task.h">
      <Filter>Object</Filter>
    </ClInclude>
    <ClInclude Include="..\src\Object\Player\player.h">
      <Filter>Object\Player</Filter>
    </ClInclude>
  </ItemGroup>
  <ItemGroup>
    <ResourceCompile Include="Resources.rc">
      <Filter>Resource Files</Filter>
    </ResourceCompile>
  </ItemGroup>
</Project>